// !$*UTF8*$!
{
	archiveVersion = 1;
	classes = {
	};
	objectVersion = 56;
	objects = {

/* Begin PBXBuildFile section */
		3F0D01672BE246B40020205C /* categoriesViewController.swift in Sources */ = {isa = PBXBuildFile; fileRef = 3F0D01662BE246B40020205C /* categoriesViewController.swift */; };
		3F0D01692BE2472D0020205C /* categoriesCollectionViewCell.swift in Sources */ = {isa = PBXBuildFile; fileRef = 3F0D01682BE2472D0020205C /* categoriesCollectionViewCell.swift */; };
		3F4FAEEC2BD8CB48002DF688 /* MAIN.c in Sources */ = {isa = PBXBuildFile; fileRef = 3F4FAEEB2BD8CB48002DF688 /* MAIN.c */; };
		3F4FAEEE2BD902E9002DF688 /* HomeViewController.swift in Sources */ = {isa = PBXBuildFile; fileRef = 3F4FAEED2BD902E9002DF688 /* HomeViewController.swift */; };
		3F4FD6212BD917BC003A495E /* HomePostTableViewCell.swift in Sources */ = {isa = PBXBuildFile; fileRef = 3F4FD6202BD917BC003A495E /* HomePostTableViewCell.swift */; };
		3FAF52F92BE211000007C57E /* ScheduleLiveViewController.swift in Sources */ = {isa = PBXBuildFile; fileRef = 3FAF52F82BE211000007C57E /* ScheduleLiveViewController.swift */; };
		3FB8B30E2BD67A090061EB25 /* DataModel.swift in Sources */ = {isa = PBXBuildFile; fileRef = 3FB8B30D2BD67A090061EB25 /* DataModel.swift */; };
		3FD19DB22BDA36C400B2AC11 /* LiveViewController.swift in Sources */ = {isa = PBXBuildFile; fileRef = 3FD19DB12BDA36C400B2AC11 /* LiveViewController.swift */; };
		3FD19DB42BDA370100B2AC11 /* LiveOtherTableViewCell.swift in Sources */ = {isa = PBXBuildFile; fileRef = 3FD19DB32BDA370100B2AC11 /* LiveOtherTableViewCell.swift */; };
		3FE5376C2BD6574600E3330C /* AppDelegate.swift in Sources */ = {isa = PBXBuildFile; fileRef = 3FE5376B2BD6574600E3330C /* AppDelegate.swift */; };
		3FE5376E2BD6574600E3330C /* SceneDelegate.swift in Sources */ = {isa = PBXBuildFile; fileRef = 3FE5376D2BD6574600E3330C /* SceneDelegate.swift */; };
		3FE537732BD6574600E3330C /* Base in Resources */ = {isa = PBXBuildFile; fileRef = 3FE537722BD6574600E3330C /* Base */; };
		3FE537752BD6574800E3330C /* Assets.xcassets in Resources */ = {isa = PBXBuildFile; fileRef = 3FE537742BD6574800E3330C /* Assets.xcassets */; };
		3FE537782BD6574800E3330C /* Base in Resources */ = {isa = PBXBuildFile; fileRef = 3FE537772BD6574800E3330C /* Base */; };
		3FEFA90D2BD90E87001C53B6 /* DataController.swift in Sources */ = {isa = PBXBuildFile; fileRef = 3FEFA90C2BD90E87001C53B6 /* DataController.swift */; };
		3FF2A8F02BE0ABC0004AAC29 /* MyLiveViewController.swift in Sources */ = {isa = PBXBuildFile; fileRef = 3FF2A8EF2BE0ABC0004AAC29 /* MyLiveViewController.swift */; };
/* End PBXBuildFile section */

/* Begin PBXFileReference section */
		3F0D01662BE246B40020205C /* categoriesViewController.swift */ = {isa = PBXFileReference; lastKnownFileType = sourcecode.swift; path = categoriesViewController.swift; sourceTree = "<group>"; };
		3F0D01682BE2472D0020205C /* categoriesCollectionViewCell.swift */ = {isa = PBXFileReference; lastKnownFileType = sourcecode.swift; path = categoriesCollectionViewCell.swift; sourceTree = "<group>"; };
		3F4FAEEB2BD8CB48002DF688 /* MAIN.c */ = {isa = PBXFileReference; lastKnownFileType = sourcecode.c.c; path = MAIN.c; sourceTree = "<group>"; };
		3F4FAEED2BD902E9002DF688 /* HomeViewController.swift */ = {isa = PBXFileReference; lastKnownFileType = sourcecode.swift; path = HomeViewController.swift; sourceTree = "<group>"; };
		3F4FD6202BD917BC003A495E /* HomePostTableViewCell.swift */ = {isa = PBXFileReference; lastKnownFileType = sourcecode.swift; path = HomePostTableViewCell.swift; sourceTree = "<group>"; };
		3FAF52F82BE211000007C57E /* ScheduleLiveViewController.swift */ = {isa = PBXFileReference; lastKnownFileType = sourcecode.swift; path = ScheduleLiveViewController.swift; sourceTree = "<group>"; };
		3FB8B30D2BD67A090061EB25 /* DataModel.swift */ = {isa = PBXFileReference; lastKnownFileType = sourcecode.swift; path = DataModel.swift; sourceTree = "<group>"; };
		3FD19DB12BDA36C400B2AC11 /* LiveViewController.swift */ = {isa = PBXFileReference; lastKnownFileType = sourcecode.swift; path = LiveViewController.swift; sourceTree = "<group>"; };
		3FD19DB32BDA370100B2AC11 /* LiveOtherTableViewCell.swift */ = {isa = PBXFileReference; lastKnownFileType = sourcecode.swift; path = LiveOtherTableViewCell.swift; sourceTree = "<group>"; };
		3FE537682BD6574600E3330C /* ElderTales.app */ = {isa = PBXFileReference; explicitFileType = wrapper.application; includeInIndex = 0; path = ElderTales.app; sourceTree = BUILT_PRODUCTS_DIR; };
		3FE5376B2BD6574600E3330C /* AppDelegate.swift */ = {isa = PBXFileReference; lastKnownFileType = sourcecode.swift; path = AppDelegate.swift; sourceTree = "<group>"; };
		3FE5376D2BD6574600E3330C /* SceneDelegate.swift */ = {isa = PBXFileReference; lastKnownFileType = sourcecode.swift; path = SceneDelegate.swift; sourceTree = "<group>"; };
		3FE537722BD6574600E3330C /* Base */ = {isa = PBXFileReference; lastKnownFileType = file.storyboard; name = Base; path = Base.lproj/Main.storyboard; sourceTree = "<group>"; };
		3FE537742BD6574800E3330C /* Assets.xcassets */ = {isa = PBXFileReference; lastKnownFileType = folder.assetcatalog; path = Assets.xcassets; sourceTree = "<group>"; };
		3FE537772BD6574800E3330C /* Base */ = {isa = PBXFileReference; lastKnownFileType = file.storyboard; name = Base; path = Base.lproj/LaunchScreen.storyboard; sourceTree = "<group>"; };
		3FE537792BD6574800E3330C /* Info.plist */ = {isa = PBXFileReference; lastKnownFileType = text.plist.xml; path = Info.plist; sourceTree = "<group>"; };
		3FEFA90C2BD90E87001C53B6 /* DataController.swift */ = {isa = PBXFileReference; lastKnownFileType = sourcecode.swift; path = DataController.swift; sourceTree = "<group>"; };
		3FF2A8EF2BE0ABC0004AAC29 /* MyLiveViewController.swift */ = {isa = PBXFileReference; lastKnownFileType = sourcecode.swift; path = MyLiveViewController.swift; sourceTree = "<group>"; };
/* End PBXFileReference section */

/* Begin PBXFrameworksBuildPhase section */
		3FE537652BD6574600E3330C /* Frameworks */ = {
			isa = PBXFrameworksBuildPhase;
			buildActionMask = 2147483647;
			files = (
			);
			runOnlyForDeploymentPostprocessing = 0;
		};
/* End PBXFrameworksBuildPhase section */

/* Begin PBXGroup section */
		3FC0B0122BD9F6FA00990872 /* Home */ = {
			isa = PBXGroup;
			children = (
				3F4FAEED2BD902E9002DF688 /* HomeViewController.swift */,
				3F4FD6202BD917BC003A495E /* HomePostTableViewCell.swift */,
			);
			path = Home;
			sourceTree = "<group>";
		};
		3FC0B0132BD9F70600990872 /* Data */ = {
			isa = PBXGroup;
			children = (
				3FB8B30D2BD67A090061EB25 /* DataModel.swift */,
				3FEFA90C2BD90E87001C53B6 /* DataController.swift */,
			);
			path = Data;
			sourceTree = "<group>";
		};
		3FD19DB52BDA370900B2AC11 /* Live */ = {
			isa = PBXGroup;
			children = (
				3FD19DB12BDA36C400B2AC11 /* LiveViewController.swift */,
				3FF2A8EF2BE0ABC0004AAC29 /* MyLiveViewController.swift */,
				3FD19DB32BDA370100B2AC11 /* LiveOtherTableViewCell.swift */,
				3FAF52F82BE211000007C57E /* ScheduleLiveViewController.swift */,
			);
			path = Live;
			sourceTree = "<group>";
		};
		3FE5375F2BD6574600E3330C = {
			isa = PBXGroup;
			children = (
				3FE5376A2BD6574600E3330C /* ElderTales */,
				3FE537692BD6574600E3330C /* Products */,
			);
			sourceTree = "<group>";
		};
		3FE537692BD6574600E3330C /* Products */ = {
			isa = PBXGroup;
			children = (
				3FE537682BD6574600E3330C /* ElderTales.app */,
			);
			name = Products;
			sourceTree = "<group>";
		};
		3FE5376A2BD6574600E3330C /* ElderTales */ = {
			isa = PBXGroup;
			children = (
				3FE5376B2BD6574600E3330C /* AppDelegate.swift */,
				3FE5376D2BD6574600E3330C /* SceneDelegate.swift */,
				3FD19DB52BDA370900B2AC11 /* Live */,
				3FC0B0122BD9F6FA00990872 /* Home */,
				3FC0B0132BD9F70600990872 /* Data */,
				3FE537742BD6574800E3330C /* Assets.xcassets */,
				3FE537762BD6574800E3330C /* LaunchScreen.storyboard */,
				3FE537712BD6574600E3330C /* Main.storyboard */,
				3F0D01682BE2472D0020205C /* categoriesCollectionViewCell.swift */,
				3F0D01662BE246B40020205C /* categoriesViewController.swift */,
				3FE537792BD6574800E3330C /* Info.plist */,
				3F4FAEEB2BD8CB48002DF688 /* MAIN.c */,
			);
			path = ElderTales;
			sourceTree = "<group>";
		};
/* End PBXGroup section */

/* Begin PBXNativeTarget section */
		3FE537672BD6574600E3330C /* ElderTales */ = {
			isa = PBXNativeTarget;
			buildConfigurationList = 3FE5377C2BD6574800E3330C /* Build configuration list for PBXNativeTarget "ElderTales" */;
			buildPhases = (
				3FE537642BD6574600E3330C /* Sources */,
				3FE537652BD6574600E3330C /* Frameworks */,
				3FE537662BD6574600E3330C /* Resources */,
			);
			buildRules = (
			);
			dependencies = (
			);
			name = ElderTales;
			productName = ElderTales;
			productReference = 3FE537682BD6574600E3330C /* ElderTales.app */;
			productType = "com.apple.product-type.application";
		};
/* End PBXNativeTarget section */

/* Begin PBXProject section */
		3FE537602BD6574600E3330C /* Project object */ = {
			isa = PBXProject;
			attributes = {
				BuildIndependentTargetsInParallel = 1;
				LastSwiftUpdateCheck = 1530;
				LastUpgradeCheck = 1530;
				TargetAttributes = {
					3FE537672BD6574600E3330C = {
						CreatedOnToolsVersion = 15.3;
						LastSwiftMigration = 1530;
					};
				};
			};
			buildConfigurationList = 3FE537632BD6574600E3330C /* Build configuration list for PBXProject "ElderTales" */;
			compatibilityVersion = "Xcode 14.0";
			developmentRegion = en;
			hasScannedForEncodings = 0;
			knownRegions = (
				en,
				Base,
			);
			mainGroup = 3FE5375F2BD6574600E3330C;
			productRefGroup = 3FE537692BD6574600E3330C /* Products */;
			projectDirPath = "";
			projectRoot = "";
			targets = (
				3FE537672BD6574600E3330C /* ElderTales */,
			);
		};
/* End PBXProject section */

/* Begin PBXResourcesBuildPhase section */
		3FE537662BD6574600E3330C /* Resources */ = {
			isa = PBXResourcesBuildPhase;
			buildActionMask = 2147483647;
			files = (
				3FE537752BD6574800E3330C /* Assets.xcassets in Resources */,
				3FE537782BD6574800E3330C /* Base in Resources */,
				3FE537732BD6574600E3330C /* Base in Resources */,
			);
			runOnlyForDeploymentPostprocessing = 0;
		};
/* End PBXResourcesBuildPhase section */

/* Begin PBXSourcesBuildPhase section */
		3FE537642BD6574600E3330C /* Sources */ = {
			isa = PBXSourcesBuildPhase;
			buildActionMask = 2147483647;
			files = (
				3F4FD6212BD917BC003A495E /* HomePostTableViewCell.swift in Sources */,
				3FAF52F92BE211000007C57E /* ScheduleLiveViewController.swift in Sources */,
				3FD19DB42BDA370100B2AC11 /* LiveOtherTableViewCell.swift in Sources */,
				3FEFA90D2BD90E87001C53B6 /* DataController.swift in Sources */,
				3FD19DB22BDA36C400B2AC11 /* LiveViewController.swift in Sources */,
				3F0D01692BE2472D0020205C /* categoriesCollectionViewCell.swift in Sources */,
				3F4FAEEC2BD8CB48002DF688 /* MAIN.c in Sources */,
				3FB8B30E2BD67A090061EB25 /* DataModel.swift in Sources */,
				3FF2A8F02BE0ABC0004AAC29 /* MyLiveViewController.swift in Sources */,
				3FE5376C2BD6574600E3330C /* AppDelegate.swift in Sources */,
				3FE5376E2BD6574600E3330C /* SceneDelegate.swift in Sources */,
				3F0D01672BE246B40020205C /* categoriesViewController.swift in Sources */,
				3F4FAEEE2BD902E9002DF688 /* HomeViewController.swift in Sources */,
			);
			runOnlyForDeploymentPostprocessing = 0;
		};
/* End PBXSourcesBuildPhase section */

/* Begin PBXVariantGroup section */
		3FE537712BD6574600E3330C /* Main.storyboard */ = {
			isa = PBXVariantGroup;
			children = (
				3FE537722BD6574600E3330C /* Base */,
			);
			name = Main.storyboard;
			sourceTree = "<group>";
		};
		3FE537762BD6574800E3330C /* LaunchScreen.storyboard */ = {
			isa = PBXVariantGroup;
			children = (
				3FE537772BD6574800E3330C /* Base */,
			);
			name = LaunchScreen.storyboard;
			sourceTree = "<group>";
		};
/* End PBXVariantGroup section */

/* Begin XCBuildConfiguration section */
		3FE5377A2BD6574800E3330C /* Debug */ = {
			isa = XCBuildConfiguration;
			buildSettings = {
				ALWAYS_SEARCH_USER_PATHS = NO;
				ASSETCATALOG_COMPILER_GENERATE_SWIFT_ASSET_SYMBOL_EXTENSIONS = YES;
				CLANG_ANALYZER_NONNULL = YES;
				CLANG_ANALYZER_NUMBER_OBJECT_CONVERSION = YES_AGGRESSIVE;
				CLANG_CXX_LANGUAGE_STANDARD = "gnu++20";
				CLANG_ENABLE_MODULES = YES;
				CLANG_ENABLE_OBJC_ARC = YES;
				CLANG_ENABLE_OBJC_WEAK = YES;
				CLANG_WARN_BLOCK_CAPTURE_AUTORELEASING = YES;
				CLANG_WARN_BOOL_CONVERSION = YES;
				CLANG_WARN_COMMA = YES;
				CLANG_WARN_CONSTANT_CONVERSION = YES;
				CLANG_WARN_DEPRECATED_OBJC_IMPLEMENTATIONS = YES;
				CLANG_WARN_DIRECT_OBJC_ISA_USAGE = YES_ERROR;
				CLANG_WARN_DOCUMENTATION_COMMENTS = YES;
				CLANG_WARN_EMPTY_BODY = YES;
				CLANG_WARN_ENUM_CONVERSION = YES;
				CLANG_WARN_INFINITE_RECURSION = YES;
				CLANG_WARN_INT_CONVERSION = YES;
				CLANG_WARN_NON_LITERAL_NULL_CONVERSION = YES;
				CLANG_WARN_OBJC_IMPLICIT_RETAIN_SELF = YES;
				CLANG_WARN_OBJC_LITERAL_CONVERSION = YES;
				CLANG_WARN_OBJC_ROOT_CLASS = YES_ERROR;
				CLANG_WARN_QUOTED_INCLUDE_IN_FRAMEWORK_HEADER = YES;
				CLANG_WARN_RANGE_LOOP_ANALYSIS = YES;
				CLANG_WARN_STRICT_PROTOTYPES = YES;
				CLANG_WARN_SUSPICIOUS_MOVE = YES;
				CLANG_WARN_UNGUARDED_AVAILABILITY = YES_AGGRESSIVE;
				CLANG_WARN_UNREACHABLE_CODE = YES;
				CLANG_WARN__DUPLICATE_METHOD_MATCH = YES;
				COPY_PHASE_STRIP = NO;
				DEBUG_INFORMATION_FORMAT = dwarf;
				ENABLE_STRICT_OBJC_MSGSEND = YES;
				ENABLE_TESTABILITY = YES;
				ENABLE_USER_SCRIPT_SANDBOXING = YES;
				GCC_C_LANGUAGE_STANDARD = gnu17;
				GCC_DYNAMIC_NO_PIC = NO;
				GCC_NO_COMMON_BLOCKS = YES;
				GCC_OPTIMIZATION_LEVEL = 0;
				GCC_PREPROCESSOR_DEFINITIONS = (
					"DEBUG=1",
					"$(inherited)",
				);
				GCC_WARN_64_TO_32_BIT_CONVERSION = YES;
				GCC_WARN_ABOUT_RETURN_TYPE = YES_ERROR;
				GCC_WARN_UNDECLARED_SELECTOR = YES;
				GCC_WARN_UNINITIALIZED_AUTOS = YES_AGGRESSIVE;
				GCC_WARN_UNUSED_FUNCTION = YES;
				GCC_WARN_UNUSED_VARIABLE = YES;
				IPHONEOS_DEPLOYMENT_TARGET = 17.4;
				LOCALIZATION_PREFERS_STRING_CATALOGS = YES;
				MTL_ENABLE_DEBUG_INFO = INCLUDE_SOURCE;
				MTL_FAST_MATH = YES;
				ONLY_ACTIVE_ARCH = YES;
				SDKROOT = iphoneos;
				SWIFT_ACTIVE_COMPILATION_CONDITIONS = "DEBUG $(inherited)";
				SWIFT_OPTIMIZATION_LEVEL = "-Onone";
			};
			name = Debug;
		};
		3FE5377B2BD6574800E3330C /* Release */ = {
			isa = XCBuildConfiguration;
			buildSettings = {
				ALWAYS_SEARCH_USER_PATHS = NO;
				ASSETCATALOG_COMPILER_GENERATE_SWIFT_ASSET_SYMBOL_EXTENSIONS = YES;
				CLANG_ANALYZER_NONNULL = YES;
				CLANG_ANALYZER_NUMBER_OBJECT_CONVERSION = YES_AGGRESSIVE;
				CLANG_CXX_LANGUAGE_STANDARD = "gnu++20";
				CLANG_ENABLE_MODULES = YES;
				CLANG_ENABLE_OBJC_ARC = YES;
				CLANG_ENABLE_OBJC_WEAK = YES;
				CLANG_WARN_BLOCK_CAPTURE_AUTORELEASING = YES;
				CLANG_WARN_BOOL_CONVERSION = YES;
				CLANG_WARN_COMMA = YES;
				CLANG_WARN_CONSTANT_CONVERSION = YES;
				CLANG_WARN_DEPRECATED_OBJC_IMPLEMENTATIONS = YES;
				CLANG_WARN_DIRECT_OBJC_ISA_USAGE = YES_ERROR;
				CLANG_WARN_DOCUMENTATION_COMMENTS = YES;
				CLANG_WARN_EMPTY_BODY = YES;
				CLANG_WARN_ENUM_CONVERSION = YES;
				CLANG_WARN_INFINITE_RECURSION = YES;
				CLANG_WARN_INT_CONVERSION = YES;
				CLANG_WARN_NON_LITERAL_NULL_CONVERSION = YES;
				CLANG_WARN_OBJC_IMPLICIT_RETAIN_SELF = YES;
				CLANG_WARN_OBJC_LITERAL_CONVERSION = YES;
				CLANG_WARN_OBJC_ROOT_CLASS = YES_ERROR;
				CLANG_WARN_QUOTED_INCLUDE_IN_FRAMEWORK_HEADER = YES;
				CLANG_WARN_RANGE_LOOP_ANALYSIS = YES;
				CLANG_WARN_STRICT_PROTOTYPES = YES;
				CLANG_WARN_SUSPICIOUS_MOVE = YES;
				CLANG_WARN_UNGUARDED_AVAILABILITY = YES_AGGRESSIVE;
				CLANG_WARN_UNREACHABLE_CODE = YES;
				CLANG_WARN__DUPLICATE_METHOD_MATCH = YES;
				COPY_PHASE_STRIP = NO;
				DEBUG_INFORMATION_FORMAT = "dwarf-with-dsym";
				ENABLE_NS_ASSERTIONS = NO;
				ENABLE_STRICT_OBJC_MSGSEND = YES;
				ENABLE_USER_SCRIPT_SANDBOXING = YES;
				GCC_C_LANGUAGE_STANDARD = gnu17;
				GCC_NO_COMMON_BLOCKS = YES;
				GCC_WARN_64_TO_32_BIT_CONVERSION = YES;
				GCC_WARN_ABOUT_RETURN_TYPE = YES_ERROR;
				GCC_WARN_UNDECLARED_SELECTOR = YES;
				GCC_WARN_UNINITIALIZED_AUTOS = YES_AGGRESSIVE;
				GCC_WARN_UNUSED_FUNCTION = YES;
				GCC_WARN_UNUSED_VARIABLE = YES;
				IPHONEOS_DEPLOYMENT_TARGET = 17.4;
				LOCALIZATION_PREFERS_STRING_CATALOGS = YES;
				MTL_ENABLE_DEBUG_INFO = NO;
				MTL_FAST_MATH = YES;
				SDKROOT = iphoneos;
				SWIFT_COMPILATION_MODE = wholemodule;
				VALIDATE_PRODUCT = YES;
			};
			name = Release;
		};
		3FE5377D2BD6574800E3330C /* Debug */ = {
			isa = XCBuildConfiguration;
			buildSettings = {
				ASSETCATALOG_COMPILER_APPICON_NAME = AppIcon;
				ASSETCATALOG_COMPILER_GLOBAL_ACCENT_COLOR_NAME = AccentColor;
				CLANG_ENABLE_MODULES = YES;
				CODE_SIGN_STYLE = Automatic;
				CURRENT_PROJECT_VERSION = 1;
				GENERATE_INFOPLIST_FILE = YES;
				INFOPLIST_FILE = ElderTales/Info.plist;
				INFOPLIST_KEY_UIApplicationSupportsIndirectInputEvents = YES;
				INFOPLIST_KEY_UILaunchStoryboardName = LaunchScreen;
				INFOPLIST_KEY_UIMainStoryboardFile = Main;
				INFOPLIST_KEY_UISupportedInterfaceOrientations_iPad = "UIInterfaceOrientationPortrait UIInterfaceOrientationPortraitUpsideDown UIInterfaceOrientationLandscapeLeft UIInterfaceOrientationLandscapeRight";
				INFOPLIST_KEY_UISupportedInterfaceOrientations_iPhone = "UIInterfaceOrientationPortrait UIInterfaceOrientationLandscapeLeft UIInterfaceOrientationLandscapeRight";
				LD_RUNPATH_SEARCH_PATHS = (
					"$(inherited)",
					"@executable_path/Frameworks",
				);
				MARKETING_VERSION = 1.0;
				PRODUCT_BUNDLE_IDENTIFIER = ghost.ElderTales;
				PRODUCT_NAME = "$(TARGET_NAME)";
				SWIFT_EMIT_LOC_STRINGS = YES;
				SWIFT_OPTIMIZATION_LEVEL = "-Onone";
				SWIFT_VERSION = 5.0;
				TARGETED_DEVICE_FAMILY = "1,2";
			};
			name = Debug;
		};
		3FE5377E2BD6574800E3330C /* Release */ = {
			isa = XCBuildConfiguration;
			buildSettings = {
				ASSETCATALOG_COMPILER_APPICON_NAME = AppIcon;
				ASSETCATALOG_COMPILER_GLOBAL_ACCENT_COLOR_NAME = AccentColor;
				CLANG_ENABLE_MODULES = YES;
				CODE_SIGN_STYLE = Automatic;
				CURRENT_PROJECT_VERSION = 1;
				GENERATE_INFOPLIST_FILE = YES;
				INFOPLIST_FILE = ElderTales/Info.plist;
				INFOPLIST_KEY_UIApplicationSupportsIndirectInputEvents = YES;
				INFOPLIST_KEY_UILaunchStoryboardName = LaunchScreen;
				INFOPLIST_KEY_UIMainStoryboardFile = Main;
				INFOPLIST_KEY_UISupportedInterfaceOrientations_iPad = "UIInterfaceOrientationPortrait UIInterfaceOrientationPortraitUpsideDown UIInterfaceOrientationLandscapeLeft UIInterfaceOrientationLandscapeRight";
				INFOPLIST_KEY_UISupportedInterfaceOrientations_iPhone = "UIInterfaceOrientationPortrait UIInterfaceOrientationLandscapeLeft UIInterfaceOrientationLandscapeRight";
				LD_RUNPATH_SEARCH_PATHS = (
					"$(inherited)",
					"@executable_path/Frameworks",
				);
				MARKETING_VERSION = 1.0;
				PRODUCT_BUNDLE_IDENTIFIER = ghost.ElderTales;
				PRODUCT_NAME = "$(TARGET_NAME)";
				SWIFT_EMIT_LOC_STRINGS = YES;
				SWIFT_VERSION = 5.0;
				TARGETED_DEVICE_FAMILY = "1,2";
			};
			name = Release;
		};
/* End XCBuildConfiguration section */

/* Begin XCConfigurationList section */
		3FE537632BD6574600E3330C /* Build configuration list for PBXProject "ElderTales" */ = {
			isa = XCConfigurationList;
			buildConfigurations = (
				3FE5377A2BD6574800E3330C /* Debug */,
				3FE5377B2BD6574800E3330C /* Release */,
			);
			defaultConfigurationIsVisible = 0;
			defaultConfigurationName = Release;
		};
		3FE5377C2BD6574800E3330C /* Build configuration list for PBXNativeTarget "ElderTales" */ = {
			isa = XCConfigurationList;
			buildConfigurations = (
				3FE5377D2BD6574800E3330C /* Debug */,
				3FE5377E2BD6574800E3330C /* Release */,
			);
			defaultConfigurationIsVisible = 0;
			defaultConfigurationName = Release;
		};
/* End XCConfigurationList section */
	};
	rootObject = 3FE537602BD6574600E3330C /* Project object */;
}
